
Microsoft Visual Studio Solution File, Format Version 12.00
# Visual Studio Version 17
VisualStudioVersion = 17.11.35303.130
MinimumVisualStudioVersion = 10.0.40219.1
Project("{FAE04EC0-301F-11D3-BF4B-00C04F79EFBC}") = "VKR2025", "VKR2025.csproj", "{D9CD6B2B-A91D-4EF6-8DD7-6D1A39BAC1CF}"
EndProject
Global
	GlobalSection(SolutionConfigurationPlatforms) = preSolution
		Debug|Any CPU = Debug|Any CPU
		Release|Any CPU = Release|Any CPU
	EndGlobalSection
	GlobalSection(ProjectConfigurationPlatforms) = postSolution
		{D9CD6B2B-A91D-4EF6-8DD7-6D1A39BAC1CF}.Debug|Any CPU.ActiveCfg = Debug|Any CPU
		{D9CD6B2B-A91D-4EF6-8DD7-6D1A39BAC1CF}.Debug|Any CPU.Build.0 = Debug|Any CPU
		{D9CD6B2B-A91D-4EF6-8DD7-6D1A39BAC1CF}.Release|Any CPU.ActiveCfg = Release|Any CPU
		{D9CD6B2B-A91D-4EF6-8DD7-6D1A39BAC1CF}.Release|Any CPU.Build.0 = Release|Any CPU
	EndGlobalSection
	GlobalSection(SolutionProperties) = preSolution
		HideSolutionNode = FALSE
	EndGlobalSection
	GlobalSection(ExtensibilityGlobals) = postSolution
		SolutionGuid = {6538F544-D125-45F0-A3F4-AC747429A788}
	EndGlobalSection
EndGlobal
